{
  "nodes": {
    "flake-parts": {
      "inputs": {
        "nixpkgs-lib": "nixpkgs-lib"
      },
      "locked": {
        "lastModified": 1682984683,
        "narHash": "sha256-fSMthG+tp60AHhNmaHc4StT3ltfHkQsJtN8GhfLWmtI=",
        "owner": "hercules-ci",
        "repo": "flake-parts",
        "rev": "86684881e184f41aa322e653880e497b66429f3e",
        "type": "github"
      },
      "original": {
        "owner": "hercules-ci",
        "repo": "flake-parts",
        "type": "github"
      }
    },
    "haskell-flake": {
      "locked": {
        "lastModified": 1683063956,
        "narHash": "sha256-3kkFO2MOjuHxNqo0ZmxEjUnH34/0zkFpmsqjtRMGKkg=",
        "owner": "srid",
        "repo": "haskell-flake",
        "rev": "a72d4c3a4e9656766f5a5315ac5358417d21b78e",
        "type": "github"
      },
      "original": {
        "owner": "srid",
        "repo": "haskell-flake",
        "type": "github"
      }
    },
    "nixpkgs": {
      "locked": {
        "lastModified": 1683020768,
        "narHash": "sha256-ZyZl6k9NWS5QPwD3NoAVz/eSgodQDvl+y+fu8MVbrHc=",
        "owner": "nixos",
        "repo": "nixpkgs",
        "rev": "44f30edf5661d86fb3a95841c35127f3d0ea8b0f",
        "type": "github"
      },
      "original": {
        "owner": "nixos",
        "ref": "nixpkgs-unstable",
        "repo": "nixpkgs",
        "type": "github"
      }
    },
    "nixpkgs-lib": {
      "locked": {
        "dir": "lib",
        "lastModified": 1682879489,
        "narHash": "sha256-sASwo8gBt7JDnOOstnps90K1wxmVfyhsTPPNTGBPjjg=",
        "owner": "NixOS",
        "repo": "nixpkgs",
        "rev": "da45bf6ec7bbcc5d1e14d3795c025199f28e0de0",
        "type": "github"
      },
      "original": {
        "dir": "lib",
        "owner": "NixOS",
        "ref": "nixos-unstable",
        "repo": "nixpkgs",
        "type": "github"
      }
    },
    "root": {
      "inputs": {
        "flake-parts": "flake-parts",
        "haskell-flake": "haskell-flake",
        "nixpkgs": "nixpkgs"
      }
    }
  },
  "root": "root",
  "version": 7
}
