{
  "nodes": {
    "flake-parts": {
      "inputs": {
        "nixpkgs-lib": "nixpkgs-lib"
      },
      "locked": {
        "lastModified": 1714641030,
        "narHash": "sha256-yzcRNDoyVP7+SCNX0wmuDju1NUCt8Dz9+lyUXEI0dbI=",
        "owner": "hercules-ci",
        "repo": "flake-parts",
        "rev": "e5d10a24b66c3ea8f150e47dfdb0416ab7c3390e",
        "type": "github"
      },
      "original": {
        "owner": "hercules-ci",
        "repo": "flake-parts",
        "type": "github"
      }
    },
    "haskell-flake": {
      "locked": {
        "lastModified": 1714886475,
        "narHash": "sha256-mHXGbESaMbS8gJ8+DtJwgaJLtpGKYAYgXqUzAgf/O70=",
        "owner": "srid",
        "repo": "haskell-flake",
        "rev": "d06c68deaed203b6fd172e18fc6cacfee45f748c",
        "type": "github"
      },
      "original": {
        "owner": "srid",
        "repo": "haskell-flake",
        "type": "github"
      }
    },
    "nixpkgs": {
      "locked": {
        "lastModified": 1715037484,
        "narHash": "sha256-OUt8xQFmBU96Hmm4T9tOWTu4oCswCzoVl+pxSq/kiFc=",
        "owner": "nixos",
        "repo": "nixpkgs",
        "rev": "ad7efee13e0d216bf29992311536fce1d3eefbef",
        "type": "github"
      },
      "original": {
        "owner": "nixos",
        "ref": "nixpkgs-unstable",
        "repo": "nixpkgs",
        "type": "github"
      }
    },
    "nixpkgs-lib": {
      "locked": {
        "lastModified": 1714640452,
        "narHash": "sha256-QBx10+k6JWz6u7VsohfSw8g8hjdBZEf8CFzXH1/1Z94=",
        "type": "tarball",
        "url": "https://github.com/NixOS/nixpkgs/archive/50eb7ecf4cd0a5756d7275c8ba36790e5bd53e33.tar.gz"
      },
      "original": {
        "type": "tarball",
        "url": "https://github.com/NixOS/nixpkgs/archive/50eb7ecf4cd0a5756d7275c8ba36790e5bd53e33.tar.gz"
      }
    },
    "rerefined": {
      "flake": false,
      "locked": {
        "lastModified": 1716795307,
        "narHash": "sha256-QUsLls71yHLTqzBgpqZt0s56bqHgwDv772W8VNblbO8=",
        "owner": "raehik",
        "repo": "rerefined",
        "rev": "f73a3684e70dd438e2499025648c0e9c09821ab3",
        "type": "github"
      },
      "original": {
        "owner": "raehik",
        "repo": "rerefined",
        "type": "github"
      }
    },
    "root": {
      "inputs": {
        "flake-parts": "flake-parts",
        "haskell-flake": "haskell-flake",
        "nixpkgs": "nixpkgs",
        "rerefined": "rerefined",
        "singleraeh": "singleraeh",
        "type-level-show": "type-level-show"
      }
    },
    "singleraeh": {
      "flake": false,
      "locked": {
        "lastModified": 1716794733,
        "narHash": "sha256-loR72mt0Yyi8TYFIC6xJHoU3wqhZnnex2NV77YcP6DY=",
        "owner": "raehik",
        "repo": "singleraeh",
        "rev": "00d2591737626ca68151093e3e6d1df8caba35ca",
        "type": "github"
      },
      "original": {
        "owner": "raehik",
        "repo": "singleraeh",
        "type": "github"
      }
    },
    "type-level-show": {
      "flake": false,
      "locked": {
        "lastModified": 1716673073,
        "narHash": "sha256-J8u2IZ6KRK4WhmeKdgt7lccu1zn0v6W/JjleRaIAaGA=",
        "owner": "raehik",
        "repo": "type-level-show",
        "rev": "0222e198092bd682f1e4c1715d8be36ebcce025f",
        "type": "github"
      },
      "original": {
        "owner": "raehik",
        "repo": "type-level-show",
        "type": "github"
      }
    }
  },
  "root": "root",
  "version": 7
}
