{
  "nodes": {
    "flake-parts": {
      "inputs": {
        "nixpkgs-lib": "nixpkgs-lib"
      },
      "locked": {
        "lastModified": 1714641030,
        "narHash": "sha256-yzcRNDoyVP7+SCNX0wmuDju1NUCt8Dz9+lyUXEI0dbI=",
        "owner": "hercules-ci",
        "repo": "flake-parts",
        "rev": "e5d10a24b66c3ea8f150e47dfdb0416ab7c3390e",
        "type": "github"
      },
      "original": {
        "owner": "hercules-ci",
        "repo": "flake-parts",
        "type": "github"
      }
    },
    "haskell-flake": {
      "locked": {
        "lastModified": 1714886475,
        "narHash": "sha256-mHXGbESaMbS8gJ8+DtJwgaJLtpGKYAYgXqUzAgf/O70=",
        "owner": "srid",
        "repo": "haskell-flake",
        "rev": "d06c68deaed203b6fd172e18fc6cacfee45f748c",
        "type": "github"
      },
      "original": {
        "owner": "srid",
        "repo": "haskell-flake",
        "type": "github"
      }
    },
    "nixpkgs": {
      "locked": {
        "lastModified": 1715037484,
        "narHash": "sha256-OUt8xQFmBU96Hmm4T9tOWTu4oCswCzoVl+pxSq/kiFc=",
        "owner": "nixos",
        "repo": "nixpkgs",
        "rev": "ad7efee13e0d216bf29992311536fce1d3eefbef",
        "type": "github"
      },
      "original": {
        "owner": "nixos",
        "ref": "nixpkgs-unstable",
        "repo": "nixpkgs",
        "type": "github"
      }
    },
    "nixpkgs-lib": {
      "locked": {
        "lastModified": 1714640452,
        "narHash": "sha256-QBx10+k6JWz6u7VsohfSw8g8hjdBZEf8CFzXH1/1Z94=",
        "type": "tarball",
        "url": "https://github.com/NixOS/nixpkgs/archive/50eb7ecf4cd0a5756d7275c8ba36790e5bd53e33.tar.gz"
      },
      "original": {
        "type": "tarball",
        "url": "https://github.com/NixOS/nixpkgs/archive/50eb7ecf4cd0a5756d7275c8ba36790e5bd53e33.tar.gz"
      }
    },
    "rerefined": {
      "flake": false,
      "locked": {
        "lastModified": 1715444519,
        "narHash": "sha256-D8fJitlq77UvoPBW8ioMOybDWCn3IWjEeHFY9oBTd2g=",
        "owner": "raehik",
        "repo": "rerefined",
        "rev": "59cda2bb0e0674730a3177bc88e8ee273aad0936",
        "type": "github"
      },
      "original": {
        "owner": "raehik",
        "repo": "rerefined",
        "type": "github"
      }
    },
    "root": {
      "inputs": {
        "flake-parts": "flake-parts",
        "haskell-flake": "haskell-flake",
        "nixpkgs": "nixpkgs",
        "rerefined": "rerefined",
        "type-level-show": "type-level-show"
      }
    },
    "type-level-show": {
      "flake": false,
      "locked": {
        "lastModified": 1715102332,
        "narHash": "sha256-IWdPn7znGsUm5wX3n2DUShhnHtV6vcx6tGCqE350wu4=",
        "owner": "raehik",
        "repo": "type-level-show",
        "rev": "e03d2324df9eaaa0945e9c2d1caac5287df6474f",
        "type": "github"
      },
      "original": {
        "owner": "raehik",
        "repo": "type-level-show",
        "type": "github"
      }
    }
  },
  "root": "root",
  "version": 7
}
